{
  "name": "betterdiscordaddons",
  "version": "1.0.0",
  "lockfileVersion": 2,
  "requires": true,
  "packages": {
    "": {
      "name": "betterdiscordaddons",
      "version": "1.0.0",
      "license": "MIT",
      "devDependencies": {
        "zerespluginlibrary": "^2.0.6"
      }
    },
    "../PluginLibrary": {
      "name": "zerespluginlibrary",
      "version": "2.0.6",
      "extraneous": true,
      "license": "MIT",
      "bin": {
        "zpl": "bin/zpl.js"
      },
      "devDependencies": {
        "foodoc": "github:rauenzi/foodoc",
        "jsdoc": "^3.6.10",
        "raw-loader": "^4.0.2",
        "typescript": "^4.8.3",
        "webpack": "^5.74.0",
        "webpack-cli": "^4.9.1"
      }
    },
    "node_modules/zerespluginlibrary": {
      "version": "2.0.6",
      "resolved": "https://registry.npmjs.org/zerespluginlibrary/-/zerespluginlibrary-2.0.6.tgz",
      "integrity": "sha512-xFJGAKWWHVhCPCX6Qq1tsVJzOzTHRF7xnz2bu+3DKGaXsNCP7hPxy0LJ3mXtHLeSlH3v9ARZ0kzDs4cj5bCVnw==",
      "dev": true,
      "bin": {
        "zpl": "bin/zpl.js"
      }
    }
  },
  "dependencies": {
    "zerespluginlibrary": {
      "version": "2.0.6",
      "resolved": "https://registry.npmjs.org/zerespluginlibrary/-/zerespluginlibrary-2.0.6.tgz",
      "integrity": "sha512-xFJGAKWWHVhCPCX6Qq1tsVJzOzTHRF7xnz2bu+3DKGaXsNCP7hPxy0LJ3mXtHLeSlH3v9ARZ0kzDs4cj5bCVnw==",
      "dev": true
    }
  }
}
